// !$*UTF8*$!
{
	archiveVersion = 1;
	classes = {
	};
	objectVersion = 50;
	objects = {

/* Begin PBXBuildFile section */
		04CFCE49216A323B00A460BA /* AppDelegate.swift in Sources */ = {isa = PBXBuildFile; fileRef = 04CFCE48216A323B00A460BA /* AppDelegate.swift */; };
		04CFCE4E216A323B00A460BA /* Main.storyboard in Resources */ = {isa = PBXBuildFile; fileRef = 04CFCE4C216A323B00A460BA /* Main.storyboard */; };
		04CFCE50216A323C00A460BA /* Assets.xcassets in Resources */ = {isa = PBXBuildFile; fileRef = 04CFCE4F216A323C00A460BA /* Assets.xcassets */; };
		04CFCE53216A323C00A460BA /* LaunchScreen.storyboard in Resources */ = {isa = PBXBuildFile; fileRef = 04CFCE51216A323C00A460BA /* LaunchScreen.storyboard */; };
		04CFCE5B216A36D800A460BA /* MainVC.swift in Sources */ = {isa = PBXBuildFile; fileRef = 04CFCE5A216A36D800A460BA /* MainVC.swift */; };
		04CFCE67216B402400A460BA /* PotochneTVC.swift in Sources */ = {isa = PBXBuildFile; fileRef = 04CFCE65216B402400A460BA /* PotochneTVC.swift */; };
		04CFCE6C216B449500A460BA /* VoteTVCell.swift in Sources */ = {isa = PBXBuildFile; fileRef = 04CFCE6A216B449500A460BA /* VoteTVCell.swift */; };
		04CFCE6D216B449500A460BA /* VoteTVCell.xib in Resources */ = {isa = PBXBuildFile; fileRef = 04CFCE6B216B449500A460BA /* VoteTVCell.xib */; };
		FAC44813D60CCB2C081F5DF8 /* Pods_CampusClientIOS.framework in Frameworks */ = {isa = PBXBuildFile; fileRef = 792C034B76FFB0E7E5CACEFB /* Pods_CampusClientIOS.framework */; };
/* End PBXBuildFile section */

/* Begin PBXFileReference section */
		04CFCE45216A323B00A460BA /* CampusClientIOS.app */ = {isa = PBXFileReference; explicitFileType = wrapper.application; includeInIndex = 0; path = CampusClientIOS.app; sourceTree = BUILT_PRODUCTS_DIR; };
		04CFCE48216A323B00A460BA /* AppDelegate.swift */ = {isa = PBXFileReference; lastKnownFileType = sourcecode.swift; path = AppDelegate.swift; sourceTree = "<group>"; };
		04CFCE4D216A323B00A460BA /* Base */ = {isa = PBXFileReference; lastKnownFileType = file.storyboard; name = Base; path = Base.lproj/Main.storyboard; sourceTree = "<group>"; };
		04CFCE4F216A323C00A460BA /* Assets.xcassets */ = {isa = PBXFileReference; lastKnownFileType = folder.assetcatalog; path = Assets.xcassets; sourceTree = "<group>"; };
		04CFCE52216A323C00A460BA /* Base */ = {isa = PBXFileReference; lastKnownFileType = file.storyboard; name = Base; path = Base.lproj/LaunchScreen.storyboard; sourceTree = "<group>"; };
		04CFCE54216A323C00A460BA /* Info.plist */ = {isa = PBXFileReference; lastKnownFileType = text.plist.xml; path = Info.plist; sourceTree = "<group>"; };
		04CFCE5A216A36D800A460BA /* MainVC.swift */ = {isa = PBXFileReference; lastKnownFileType = sourcecode.swift; path = MainVC.swift; sourceTree = "<group>"; };
		04CFCE65216B402400A460BA /* PotochneTVC.swift */ = {isa = PBXFileReference; lastKnownFileType = sourcecode.swift; name = PotochneTVC.swift; path = CampusClientIOS/Potochne/PotochneTVC.swift; sourceTree = SOURCE_ROOT; };
		04CFCE6A216B449500A460BA /* VoteTVCell.swift */ = {isa = PBXFileReference; lastKnownFileType = sourcecode.swift; name = VoteTVCell.swift; path = CampusClientIOS/Potochne/VoteTVCell.swift; sourceTree = SOURCE_ROOT; };
		04CFCE6B216B449500A460BA /* VoteTVCell.xib */ = {isa = PBXFileReference; lastKnownFileType = file.xib; name = VoteTVCell.xib; path = CampusClientIOS/Potochne/VoteTVCell.xib; sourceTree = SOURCE_ROOT; };
		792C034B76FFB0E7E5CACEFB /* Pods_CampusClientIOS.framework */ = {isa = PBXFileReference; explicitFileType = wrapper.framework; includeInIndex = 0; path = Pods_CampusClientIOS.framework; sourceTree = BUILT_PRODUCTS_DIR; };
		84415CC226A4C81E05085554 /* Pods-CampusClientIOS.release.xcconfig */ = {isa = PBXFileReference; includeInIndex = 1; lastKnownFileType = text.xcconfig; name = "Pods-CampusClientIOS.release.xcconfig"; path = "Pods/Target Support Files/Pods-CampusClientIOS/Pods-CampusClientIOS.release.xcconfig"; sourceTree = "<group>"; };
		97CB0B402711BDEA41A20A82 /* Pods-CampusClientIOS.debug.xcconfig */ = {isa = PBXFileReference; includeInIndex = 1; lastKnownFileType = text.xcconfig; name = "Pods-CampusClientIOS.debug.xcconfig"; path = "Pods/Target Support Files/Pods-CampusClientIOS/Pods-CampusClientIOS.debug.xcconfig"; sourceTree = "<group>"; };
/* End PBXFileReference section */

/* Begin PBXFrameworksBuildPhase section */
		04CFCE42216A323B00A460BA /* Frameworks */ = {
			isa = PBXFrameworksBuildPhase;
			buildActionMask = 2147483647;
			files = (
				FAC44813D60CCB2C081F5DF8 /* Pods_CampusClientIOS.framework in Frameworks */,
			);
			runOnlyForDeploymentPostprocessing = 0;
		};
/* End PBXFrameworksBuildPhase section */

/* Begin PBXGroup section */
		04CFCE3C216A323B00A460BA = {
			isa = PBXGroup;
			children = (
				04CFCE47216A323B00A460BA /* CampusClientIOS */,
				04CFCE46216A323B00A460BA /* Products */,
				3E3DE76D9572D3A7EABF2203 /* Pods */,
				93F47F1164B4D1CB2102524F /* Frameworks */,
			);
			sourceTree = "<group>";
		};
		04CFCE46216A323B00A460BA /* Products */ = {
			isa = PBXGroup;
			children = (
				04CFCE45216A323B00A460BA /* CampusClientIOS.app */,
			);
			name = Products;
			sourceTree = "<group>";
		};
		04CFCE47216A323B00A460BA /* CampusClientIOS */ = {
			isa = PBXGroup;
			children = (
				04CFCE69216B445600A460BA /* Potochne */,
				04CFCE48216A323B00A460BA /* AppDelegate.swift */,
				04CFCE5A216A36D800A460BA /* MainVC.swift */,
				04CFCE4C216A323B00A460BA /* Main.storyboard */,
				04CFCE51216A323C00A460BA /* LaunchScreen.storyboard */,
				04CFCE54216A323C00A460BA /* Info.plist */,
				04CFCE4F216A323C00A460BA /* Assets.xcassets */,
			);
			path = CampusClientIOS;
			sourceTree = "<group>";
		};
		04CFCE69216B445600A460BA /* Potochne */ = {
			isa = PBXGroup;
			children = (
				04CFCE65216B402400A460BA /* PotochneTVC.swift */,
				04CFCE6A216B449500A460BA /* VoteTVCell.swift */,
				04CFCE6B216B449500A460BA /* VoteTVCell.xib */,
			);
			path = Potochne;
			sourceTree = "<group>";
		};
		3E3DE76D9572D3A7EABF2203 /* Pods */ = {
			isa = PBXGroup;
			children = (
				97CB0B402711BDEA41A20A82 /* Pods-CampusClientIOS.debug.xcconfig */,
				84415CC226A4C81E05085554 /* Pods-CampusClientIOS.release.xcconfig */,
			);
			name = Pods;
			sourceTree = "<group>";
		};
		93F47F1164B4D1CB2102524F /* Frameworks */ = {
			isa = PBXGroup;
			children = (
				792C034B76FFB0E7E5CACEFB /* Pods_CampusClientIOS.framework */,
			);
			name = Frameworks;
			sourceTree = "<group>";
		};
/* End PBXGroup section */

/* Begin PBXNativeTarget section */
		04CFCE44216A323B00A460BA /* CampusClientIOS */ = {
			isa = PBXNativeTarget;
			buildConfigurationList = 04CFCE57216A323C00A460BA /* Build configuration list for PBXNativeTarget "CampusClientIOS" */;
			buildPhases = (
				1C26A5F19586A7EFB9EE490A /* [CP] Check Pods Manifest.lock */,
				04CFCE41216A323B00A460BA /* Sources */,
				04CFCE42216A323B00A460BA /* Frameworks */,
				04CFCE43216A323B00A460BA /* Resources */,
			);
			buildRules = (
			);
			dependencies = (
			);
			name = CampusClientIOS;
			productName = CampusClientIOS;
			productReference = 04CFCE45216A323B00A460BA /* CampusClientIOS.app */;
			productType = "com.apple.product-type.application";
		};
/* End PBXNativeTarget section */

/* Begin PBXProject section */
		04CFCE3D216A323B00A460BA /* Project object */ = {
			isa = PBXProject;
			attributes = {
				LastSwiftUpdateCheck = 0940;
				LastUpgradeCheck = 0940;
				ORGANIZATIONNAME = SINED;
				TargetAttributes = {
					04CFCE44216A323B00A460BA = {
						CreatedOnToolsVersion = 9.4.1;
					};
				};
			};
			buildConfigurationList = 04CFCE40216A323B00A460BA /* Build configuration list for PBXProject "CampusClientIOS" */;
			compatibilityVersion = "Xcode 9.3";
			developmentRegion = en;
			hasScannedForEncodings = 0;
			knownRegions = (
				en,
				Base,
			);
			mainGroup = 04CFCE3C216A323B00A460BA;
			productRefGroup = 04CFCE46216A323B00A460BA /* Products */;
			projectDirPath = "";
			projectRoot = "";
			targets = (
				04CFCE44216A323B00A460BA /* CampusClientIOS */,
			);
		};
/* End PBXProject section */

/* Begin PBXResourcesBuildPhase section */
		04CFCE43216A323B00A460BA /* Resources */ = {
			isa = PBXResourcesBuildPhase;
			buildActionMask = 2147483647;
			files = (
				04CFCE53216A323C00A460BA /* LaunchScreen.storyboard in Resources */,
				04CFCE50216A323C00A460BA /* Assets.xcassets in Resources */,
				04CFCE4E216A323B00A460BA /* Main.storyboard in Resources */,
				04CFCE6D216B449500A460BA /* VoteTVCell.xib in Resources */,
			);
			runOnlyForDeploymentPostprocessing = 0;
		};
/* End PBXResourcesBuildPhase section */

/* Begin PBXShellScriptBuildPhase section */
		1C26A5F19586A7EFB9EE490A /* [CP] Check Pods Manifest.lock */ = {
			isa = PBXShellScriptBuildPhase;
			buildActionMask = 2147483647;
			files = (
			);
			inputPaths = (
				"${PODS_PODFILE_DIR_PATH}/Podfile.lock",
				"${PODS_ROOT}/Manifest.lock",
			);
			name = "[CP] Check Pods Manifest.lock";
			outputPaths = (
				"$(DERIVED_FILE_DIR)/Pods-CampusClientIOS-checkManifestLockResult.txt",
			);
			runOnlyForDeploymentPostprocessing = 0;
			shellPath = /bin/sh;
			shellScript = "diff \"${PODS_PODFILE_DIR_PATH}/Podfile.lock\" \"${PODS_ROOT}/Manifest.lock\" > /dev/null\nif [ $? != 0 ] ; then\n    # print error to STDERR\n    echo \"error: The sandbox is not in sync with the Podfile.lock. Run 'pod install' or update your CocoaPods installation.\" >&2\n    exit 1\nfi\n# This output is used by Xcode 'outputs' to avoid re-running this script phase.\necho \"SUCCESS\" > \"${SCRIPT_OUTPUT_FILE_0}\"\n";
			showEnvVarsInLog = 0;
		};
/* End PBXShellScriptBuildPhase section */

/* Begin PBXSourcesBuildPhase section */
		04CFCE41216A323B00A460BA /* Sources */ = {
			isa = PBXSourcesBuildPhase;
			buildActionMask = 2147483647;
			files = (
				04CFCE67216B402400A460BA /* PotochneTVC.swift in Sources */,
				04CFCE5B216A36D800A460BA /* MainVC.swift in Sources */,
				04CFCE49216A323B00A460BA /* AppDelegate.swift in Sources */,
				04CFCE6C216B449500A460BA /* VoteTVCell.swift in Sources */,
			);
			runOnlyForDeploymentPostprocessing = 0;
		};
/* End PBXSourcesBuildPhase section */

/* Begin PBXVariantGroup section */
		04CFCE4C216A323B00A460BA /* Main.storyboard */ = {
			isa = PBXVariantGroup;
			children = (
				04CFCE4D216A323B00A460BA /* Base */,
			);
			name = Main.storyboard;
			sourceTree = "<group>";
		};
		04CFCE51216A323C00A460BA /* LaunchScreen.storyboard */ = {
			isa = PBXVariantGroup;
			children = (
				04CFCE52216A323C00A460BA /* Base */,
			);
			name = LaunchScreen.storyboard;
			sourceTree = "<group>";
		};
/* End PBXVariantGroup section */

/* Begin XCBuildConfiguration section */
		04CFCE55216A323C00A460BA /* Debug */ = {
			isa = XCBuildConfiguration;
			buildSettings = {
				ALWAYS_SEARCH_USER_PATHS = NO;
				CLANG_ANALYZER_NONNULL = YES;
				CLANG_ANALYZER_NUMBER_OBJECT_CONVERSION = YES_AGGRESSIVE;
				CLANG_CXX_LANGUAGE_STANDARD = "gnu++14";
				CLANG_CXX_LIBRARY = "libc++";
				CLANG_ENABLE_MODULES = YES;
				CLANG_ENABLE_OBJC_ARC = YES;
				CLANG_ENABLE_OBJC_WEAK = YES;
				CLANG_WARN_BLOCK_CAPTURE_AUTORELEASING = YES;
				CLANG_WARN_BOOL_CONVERSION = YES;
				CLANG_WARN_COMMA = YES;
				CLANG_WARN_CONSTANT_CONVERSION = YES;
				CLANG_WARN_DEPRECATED_OBJC_IMPLEMENTATIONS = YES;
				CLANG_WARN_DIRECT_OBJC_ISA_USAGE = YES_ERROR;
				CLANG_WARN_DOCUMENTATION_COMMENTS = YES;
				CLANG_WARN_EMPTY_BODY = YES;
				CLANG_WARN_ENUM_CONVERSION = YES;
				CLANG_WARN_INFINITE_RECURSION = YES;
				CLANG_WARN_INT_CONVERSION = YES;
				CLANG_WARN_NON_LITERAL_NULL_CONVERSION = YES;
				CLANG_WARN_OBJC_IMPLICIT_RETAIN_SELF = YES;
				CLANG_WARN_OBJC_LITERAL_CONVERSION = YES;
				CLANG_WARN_OBJC_ROOT_CLASS = YES_ERROR;
				CLANG_WARN_RANGE_LOOP_ANALYSIS = YES;
				CLANG_WARN_STRICT_PROTOTYPES = YES;
				CLANG_WARN_SUSPICIOUS_MOVE = YES;
				CLANG_WARN_UNGUARDED_AVAILABILITY = YES_AGGRESSIVE;
				CLANG_WARN_UNREACHABLE_CODE = YES;
				CLANG_WARN__DUPLICATE_METHOD_MATCH = YES;
				CODE_SIGN_IDENTITY = "iPhone Developer";
				COPY_PHASE_STRIP = NO;
				DEBUG_INFORMATION_FORMAT = dwarf;
				ENABLE_STRICT_OBJC_MSGSEND = YES;
				ENABLE_TESTABILITY = YES;
				GCC_C_LANGUAGE_STANDARD = gnu11;
				GCC_DYNAMIC_NO_PIC = NO;
				GCC_NO_COMMON_BLOCKS = YES;
				GCC_OPTIMIZATION_LEVEL = 0;
				GCC_PREPROCESSOR_DEFINITIONS = (
					"DEBUG=1",
					"$(inherited)",
				);
				GCC_WARN_64_TO_32_BIT_CONVERSION = YES;
				GCC_WARN_ABOUT_RETURN_TYPE = YES_ERROR;
				GCC_WARN_UNDECLARED_SELECTOR = YES;
				GCC_WARN_UNINITIALIZED_AUTOS = YES_AGGRESSIVE;
				GCC_WARN_UNUSED_FUNCTION = YES;
				GCC_WARN_UNUSED_VARIABLE = YES;
				IPHONEOS_DEPLOYMENT_TARGET = 11.4;
				MTL_ENABLE_DEBUG_INFO = YES;
				ONLY_ACTIVE_ARCH = YES;
				SDKROOT = iphoneos;
				SWIFT_ACTIVE_COMPILATION_CONDITIONS = DEBUG;
				SWIFT_OPTIMIZATION_LEVEL = "-Onone";
			};
			name = Debug;
		};
		04CFCE56216A323C00A460BA /* Release */ = {
			isa = XCBuildConfiguration;
			buildSettings = {
				ALWAYS_SEARCH_USER_PATHS = NO;
				CLANG_ANALYZER_NONNULL = YES;
				CLANG_ANALYZER_NUMBER_OBJECT_CONVERSION = YES_AGGRESSIVE;
				CLANG_CXX_LANGUAGE_STANDARD = "gnu++14";
				CLANG_CXX_LIBRARY = "libc++";
				CLANG_ENABLE_MODULES = YES;
				CLANG_ENABLE_OBJC_ARC = YES;
				CLANG_ENABLE_OBJC_WEAK = YES;
				CLANG_WARN_BLOCK_CAPTURE_AUTORELEASING = YES;
				CLANG_WARN_BOOL_CONVERSION = YES;
				CLANG_WARN_COMMA = YES;
				CLANG_WARN_CONSTANT_CONVERSION = YES;
				CLANG_WARN_DEPRECATED_OBJC_IMPLEMENTATIONS = YES;
				CLANG_WARN_DIRECT_OBJC_ISA_USAGE = YES_ERROR;
				CLANG_WARN_DOCUMENTATION_COMMENTS = YES;
				CLANG_WARN_EMPTY_BODY = YES;
				CLANG_WARN_ENUM_CONVERSION = YES;
				CLANG_WARN_INFINITE_RECURSION = YES;
				CLANG_WARN_INT_CONVERSION = YES;
				CLANG_WARN_NON_LITERAL_NULL_CONVERSION = YES;
				CLANG_WARN_OBJC_IMPLICIT_RETAIN_SELF = YES;
				CLANG_WARN_OBJC_LITERAL_CONVERSION = YES;
				CLANG_WARN_OBJC_ROOT_CLASS = YES_ERROR;
				CLANG_WARN_RANGE_LOOP_ANALYSIS = YES;
				CLANG_WARN_STRICT_PROTOTYPES = YES;
				CLANG_WARN_SUSPICIOUS_MOVE = YES;
				CLANG_WARN_UNGUARDED_AVAILABILITY = YES_AGGRESSIVE;
				CLANG_WARN_UNREACHABLE_CODE = YES;
				CLANG_WARN__DUPLICATE_METHOD_MATCH = YES;
				CODE_SIGN_IDENTITY = "iPhone Developer";
				COPY_PHASE_STRIP = NO;
				DEBUG_INFORMATION_FORMAT = "dwarf-with-dsym";
				ENABLE_NS_ASSERTIONS = NO;
				ENABLE_STRICT_OBJC_MSGSEND = YES;
				GCC_C_LANGUAGE_STANDARD = gnu11;
				GCC_NO_COMMON_BLOCKS = YES;
				GCC_WARN_64_TO_32_BIT_CONVERSION = YES;
				GCC_WARN_ABOUT_RETURN_TYPE = YES_ERROR;
				GCC_WARN_UNDECLARED_SELECTOR = YES;
				GCC_WARN_UNINITIALIZED_AUTOS = YES_AGGRESSIVE;
				GCC_WARN_UNUSED_FUNCTION = YES;
				GCC_WARN_UNUSED_VARIABLE = YES;
				IPHONEOS_DEPLOYMENT_TARGET = 11.4;
				MTL_ENABLE_DEBUG_INFO = NO;
				SDKROOT = iphoneos;
				SWIFT_COMPILATION_MODE = wholemodule;
				SWIFT_OPTIMIZATION_LEVEL = "-O";
				VALIDATE_PRODUCT = YES;
			};
			name = Release;
		};
		04CFCE58216A323C00A460BA /* Debug */ = {
			isa = XCBuildConfiguration;
			baseConfigurationReference = 97CB0B402711BDEA41A20A82 /* Pods-CampusClientIOS.debug.xcconfig */;
			buildSettings = {
				ASSETCATALOG_COMPILER_APPICON_NAME = AppIcon;
				CODE_SIGN_STYLE = Automatic;
				DEVELOPMENT_TEAM = YNXC5CY44T;
				INFOPLIST_FILE = CampusClientIOS/Info.plist;
				LD_RUNPATH_SEARCH_PATHS = (
					"$(inherited)",
					"@executable_path/Frameworks",
				);
				PRODUCT_BUNDLE_IDENTIFIER = SN.CampusClientIOS;
				PRODUCT_NAME = "$(TARGET_NAME)";
				SWIFT_VERSION = 4.0;
				TARGETED_DEVICE_FAMILY = "1,2";
			};
			name = Debug;
		};
		04CFCE59216A323C00A460BA /* Release */ = {
			isa = XCBuildConfiguration;
			baseConfigurationReference = 84415CC226A4C81E05085554 /* Pods-CampusClientIOS.release.xcconfig */;
			buildSettings = {
				ASSETCATALOG_COMPILER_APPICON_NAME = AppIcon;
				CODE_SIGN_STYLE = Automatic;
				DEVELOPMENT_TEAM = YNXC5CY44T;
				INFOPLIST_FILE = CampusClientIOS/Info.plist;
				LD_RUNPATH_SEARCH_PATHS = (
					"$(inherited)",
					"@executable_path/Frameworks",
				);
				PRODUCT_BUNDLE_IDENTIFIER = SN.CampusClientIOS;
				PRODUCT_NAME = "$(TARGET_NAME)";
				SWIFT_VERSION = 4.0;
				TARGETED_DEVICE_FAMILY = "1,2";
			};
			name = Release;
		};
/* End XCBuildConfiguration section */

/* Begin XCConfigurationList section */
		04CFCE40216A323B00A460BA /* Build configuration list for PBXProject "CampusClientIOS" */ = {
			isa = XCConfigurationList;
			buildConfigurations = (
				04CFCE55216A323C00A460BA /* Debug */,
				04CFCE56216A323C00A460BA /* Release */,
			);
			defaultConfigurationIsVisible = 0;
			defaultConfigurationName = Release;
		};
		04CFCE57216A323C00A460BA /* Build configuration list for PBXNativeTarget "CampusClientIOS" */ = {
			isa = XCConfigurationList;
			buildConfigurations = (
				04CFCE58216A323C00A460BA /* Debug */,
				04CFCE59216A323C00A460BA /* Release */,
			);
			defaultConfigurationIsVisible = 0;
			defaultConfigurationName = Release;
		};
/* End XCConfigurationList section */
	};
	rootObject = 04CFCE3D216A323B00A460BA /* Project object */;
}
