// !$*UTF8*$!
{
	archiveVersion = 1;
	classes = {
	};
	objectVersion = 46;
	objects = {

/* Begin PBXBuildFile section */
		8401E7401838F8B200D06721 /* CampusAPI.m in Sources */ = {isa = PBXBuildFile; fileRef = 8401E73F1838F8B200D06721 /* CampusAPI.m */; };
		8401E7431838FD1500D06721 /* Profile.m in Sources */ = {isa = PBXBuildFile; fileRef = 8401E7421838FD1500D06721 /* Profile.m */; };
		8410D1EC1839360800E3D895 /* SubsystemViewController.m in Sources */ = {isa = PBXBuildFile; fileRef = 8410D1EB1839360800E3D895 /* SubsystemViewController.m */; };
		8418A57F185A5C6C00C8C52B /* BulletinBoardViewController.m in Sources */ = {isa = PBXBuildFile; fileRef = 8418A57E185A5C6C00C8C52B /* BulletinBoardViewController.m */; };
		8418A582185A5CCB00C8C52B /* BulletinBoardCell.m in Sources */ = {isa = PBXBuildFile; fileRef = 8418A581185A5CCB00C8C52B /* BulletinBoardCell.m */; };
		845E63891838DF2000E6D313 /* Foundation.framework in Frameworks */ = {isa = PBXBuildFile; fileRef = 845E63881838DF2000E6D313 /* Foundation.framework */; };
		845E638B1838DF2000E6D313 /* CoreGraphics.framework in Frameworks */ = {isa = PBXBuildFile; fileRef = 845E638A1838DF2000E6D313 /* CoreGraphics.framework */; };
		845E638D1838DF2000E6D313 /* UIKit.framework in Frameworks */ = {isa = PBXBuildFile; fileRef = 845E638C1838DF2000E6D313 /* UIKit.framework */; };
		845E63931838DF2000E6D313 /* InfoPlist.strings in Resources */ = {isa = PBXBuildFile; fileRef = 845E63911838DF2000E6D313 /* InfoPlist.strings */; };
		845E63951838DF2000E6D313 /* main.m in Sources */ = {isa = PBXBuildFile; fileRef = 845E63941838DF2000E6D313 /* main.m */; };
		845E63991838DF2000E6D313 /* AppDelegate.m in Sources */ = {isa = PBXBuildFile; fileRef = 845E63981838DF2000E6D313 /* AppDelegate.m */; };
		845E639C1838DF2000E6D313 /* Main_iPhone.storyboard in Resources */ = {isa = PBXBuildFile; fileRef = 845E639A1838DF2000E6D313 /* Main_iPhone.storyboard */; };
		845E639F1838DF2000E6D313 /* Main_iPad.storyboard in Resources */ = {isa = PBXBuildFile; fileRef = 845E639D1838DF2000E6D313 /* Main_iPad.storyboard */; };
		845E63A41838DF2000E6D313 /* Images.xcassets in Resources */ = {isa = PBXBuildFile; fileRef = 845E63A31838DF2000E6D313 /* Images.xcassets */; };
		845E63AB1838DF2000E6D313 /* XCTest.framework in Frameworks */ = {isa = PBXBuildFile; fileRef = 845E63AA1838DF2000E6D313 /* XCTest.framework */; };
		845E63AC1838DF2000E6D313 /* Foundation.framework in Frameworks */ = {isa = PBXBuildFile; fileRef = 845E63881838DF2000E6D313 /* Foundation.framework */; };
		845E63AD1838DF2000E6D313 /* UIKit.framework in Frameworks */ = {isa = PBXBuildFile; fileRef = 845E638C1838DF2000E6D313 /* UIKit.framework */; };
		845E63B51838DF2100E6D313 /* InfoPlist.strings in Resources */ = {isa = PBXBuildFile; fileRef = 845E63B31838DF2100E6D313 /* InfoPlist.strings */; };
		845E63B71838DF2100E6D313 /* CampusTests.m in Sources */ = {isa = PBXBuildFile; fileRef = 845E63B61838DF2100E6D313 /* CampusTests.m */; };
		845E63C21838E35100E6D313 /* LoginViewController.m in Sources */ = {isa = PBXBuildFile; fileRef = 845E63C11838E35100E6D313 /* LoginViewController.m */; };
		8478BE501847D6AE000FAD0E /* MainTabBarController.m in Sources */ = {isa = PBXBuildFile; fileRef = 8478BE4F1847D6AE000FAD0E /* MainTabBarController.m */; };
		84BDEE1518390F86007E8F37 /* SubsystemViewCell.m in Sources */ = {isa = PBXBuildFile; fileRef = 84BDEE1418390F86007E8F37 /* SubsystemViewCell.m */; };
		84D00403185DD6F4008C6953 /* MessageCell.m in Sources */ = {isa = PBXBuildFile; fileRef = 84D00402185DD6F4008C6953 /* MessageCell.m */; };
		84D00406185DE1AD008C6953 /* DialogViewController.m in Sources */ = {isa = PBXBuildFile; fileRef = 84D00405185DE1AD008C6953 /* DialogViewController.m */; };
		84D2618C184B6615008AAD3B /* UserData.m in Sources */ = {isa = PBXBuildFile; fileRef = 84D2618B184B6615008AAD3B /* UserData.m */; };
		84D26190184B6708008AAD3B /* Personalities.m in Sources */ = {isa = PBXBuildFile; fileRef = 84D2618F184B6708008AAD3B /* Personalities.m */; };
		84D26193184B69CD008AAD3B /* Employee.m in Sources */ = {isa = PBXBuildFile; fileRef = 84D26192184B69CD008AAD3B /* Employee.m */; };
		84D26197184B88D8008AAD3B /* InfoViewCell.m in Sources */ = {isa = PBXBuildFile; fileRef = 84D26196184B88D8008AAD3B /* InfoViewCell.m */; };
		84D2619A184B8996008AAD3B /* PersonalitiesViewCell.m in Sources */ = {isa = PBXBuildFile; fileRef = 84D26199184B8996008AAD3B /* PersonalitiesViewCell.m */; };
		84D2619D184B8A39008AAD3B /* EmployeeViewCell.m in Sources */ = {isa = PBXBuildFile; fileRef = 84D2619C184B8A39008AAD3B /* EmployeeViewCell.m */; };
		84E117BA186367ED002BF063 /* logo.png in Resources */ = {isa = PBXBuildFile; fileRef = 84E117B9186367ED002BF063 /* logo.png */; };
		84E117BE18637388002BF063 /* PullRefreshTableViewController.m in Sources */ = {isa = PBXBuildFile; fileRef = 84E117BD18637388002BF063 /* PullRefreshTableViewController.m */; };
		84E117C01863739A002BF063 /* arrow.png in Resources */ = {isa = PBXBuildFile; fileRef = 84E117BF1863739A002BF063 /* arrow.png */; };
		84E117C2186373B6002BF063 /* QuartzCore.framework in Frameworks */ = {isa = PBXBuildFile; fileRef = 84E117C1186373B6002BF063 /* QuartzCore.framework */; };
		84F8A81E185DBE9F00449B28 /* bubbleMine.png in Resources */ = {isa = PBXBuildFile; fileRef = 84F8A808185DBE9F00449B28 /* bubbleMine.png */; };
		84F8A81F185DBE9F00449B28 /* bubbleMine@2x.png in Resources */ = {isa = PBXBuildFile; fileRef = 84F8A809185DBE9F00449B28 /* bubbleMine@2x.png */; };
		84F8A820185DBE9F00449B28 /* bubbleSomeone.png in Resources */ = {isa = PBXBuildFile; fileRef = 84F8A80A185DBE9F00449B28 /* bubbleSomeone.png */; };
		84F8A821185DBE9F00449B28 /* bubbleSomeone@2x.png in Resources */ = {isa = PBXBuildFile; fileRef = 84F8A80B185DBE9F00449B28 /* bubbleSomeone@2x.png */; };
		84F8A822185DBE9F00449B28 /* missingAvatar.png in Resources */ = {isa = PBXBuildFile; fileRef = 84F8A80C185DBE9F00449B28 /* missingAvatar.png */; };
		84F8A823185DBE9F00449B28 /* missingAvatar@2x.png in Resources */ = {isa = PBXBuildFile; fileRef = 84F8A80D185DBE9F00449B28 /* missingAvatar@2x.png */; };
		84F8A824185DBE9F00449B28 /* typingMine.png in Resources */ = {isa = PBXBuildFile; fileRef = 84F8A80E185DBE9F00449B28 /* typingMine.png */; };
		84F8A825185DBE9F00449B28 /* typingMine@2x.png in Resources */ = {isa = PBXBuildFile; fileRef = 84F8A80F185DBE9F00449B28 /* typingMine@2x.png */; };
		84F8A826185DBE9F00449B28 /* typingSomeone.png in Resources */ = {isa = PBXBuildFile; fileRef = 84F8A810185DBE9F00449B28 /* typingSomeone.png */; };
		84F8A827185DBE9F00449B28 /* typingSomeone@2x.png in Resources */ = {isa = PBXBuildFile; fileRef = 84F8A811185DBE9F00449B28 /* typingSomeone@2x.png */; };
		84F8A828185DBE9F00449B28 /* NSBubbleData.m in Sources */ = {isa = PBXBuildFile; fileRef = 84F8A814185DBE9F00449B28 /* NSBubbleData.m */; };
		84F8A829185DBE9F00449B28 /* UIBubbleHeaderTableViewCell.m in Sources */ = {isa = PBXBuildFile; fileRef = 84F8A816185DBE9F00449B28 /* UIBubbleHeaderTableViewCell.m */; };
		84F8A82A185DBE9F00449B28 /* UIBubbleTableView.m in Sources */ = {isa = PBXBuildFile; fileRef = 84F8A818185DBE9F00449B28 /* UIBubbleTableView.m */; };
		84F8A82B185DBE9F00449B28 /* UIBubbleTableViewCell.m in Sources */ = {isa = PBXBuildFile; fileRef = 84F8A81A185DBE9F00449B28 /* UIBubbleTableViewCell.m */; };
		84F8A82C185DBE9F00449B28 /* UIBubbleTypingTableViewCell.m in Sources */ = {isa = PBXBuildFile; fileRef = 84F8A81D185DBE9F00449B28 /* UIBubbleTypingTableViewCell.m */; };
		84F8A832185DC1DC00449B28 /* MessageBoardViewController.m in Sources */ = {isa = PBXBuildFile; fileRef = 84F8A831185DC1DC00449B28 /* MessageBoardViewController.m */; };
		84F8A835185DC93200449B28 /* UserConversation.m in Sources */ = {isa = PBXBuildFile; fileRef = 84F8A834185DC93200449B28 /* UserConversation.m */; };
		84FBAC891860D76B008279C9 /* do.png in Resources */ = {isa = PBXBuildFile; fileRef = 84FBAC861860D76B008279C9 /* do.png */; };
		84FBAC8A1860D76B008279C9 /* messages.png in Resources */ = {isa = PBXBuildFile; fileRef = 84FBAC871860D76B008279C9 /* messages.png */; };
		84FBAC8B1860D76B008279C9 /* profile.png in Resources */ = {isa = PBXBuildFile; fileRef = 84FBAC881860D76B008279C9 /* profile.png */; };
		84FBAC8E1860D93E008279C9 /* Message.m in Sources */ = {isa = PBXBuildFile; fileRef = 84FBAC8D1860D93E008279C9 /* Message.m */; };
/* End PBXBuildFile section */

/* Begin PBXContainerItemProxy section */
		845E63AE1838DF2100E6D313 /* PBXContainerItemProxy */ = {
			isa = PBXContainerItemProxy;
			containerPortal = 845E637D1838DF2000E6D313 /* Project object */;
			proxyType = 1;
			remoteGlobalIDString = 845E63841838DF2000E6D313;
			remoteInfo = Campus;
		};
/* End PBXContainerItemProxy section */

/* Begin PBXFileReference section */
		8401E73D1838F45A00D06721 /* en */ = {isa = PBXFileReference; lastKnownFileType = file.storyboard; name = en; path = en.lproj/Main_iPhone.storyboard; sourceTree = "<group>"; };
		8401E73E1838F8B200D06721 /* CampusAPI.h */ = {isa = PBXFileReference; fileEncoding = 4; lastKnownFileType = sourcecode.c.h; path = CampusAPI.h; sourceTree = "<group>"; };
		8401E73F1838F8B200D06721 /* CampusAPI.m */ = {isa = PBXFileReference; fileEncoding = 4; lastKnownFileType = sourcecode.c.objc; path = CampusAPI.m; sourceTree = "<group>"; };
		8401E7411838FD1500D06721 /* Profile.h */ = {isa = PBXFileReference; fileEncoding = 4; lastKnownFileType = sourcecode.c.h; path = Profile.h; sourceTree = "<group>"; };
		8401E7421838FD1500D06721 /* Profile.m */ = {isa = PBXFileReference; fileEncoding = 4; lastKnownFileType = sourcecode.c.objc; path = Profile.m; sourceTree = "<group>"; };
		8410D1EA1839360800E3D895 /* SubsystemViewController.h */ = {isa = PBXFileReference; fileEncoding = 4; lastKnownFileType = sourcecode.c.h; path = SubsystemViewController.h; sourceTree = "<group>"; };
		8410D1EB1839360800E3D895 /* SubsystemViewController.m */ = {isa = PBXFileReference; fileEncoding = 4; lastKnownFileType = sourcecode.c.objc; path = SubsystemViewController.m; sourceTree = "<group>"; };
		8418A57D185A5C6C00C8C52B /* BulletinBoardViewController.h */ = {isa = PBXFileReference; fileEncoding = 4; lastKnownFileType = sourcecode.c.h; path = BulletinBoardViewController.h; sourceTree = "<group>"; };
		8418A57E185A5C6C00C8C52B /* BulletinBoardViewController.m */ = {isa = PBXFileReference; fileEncoding = 4; lastKnownFileType = sourcecode.c.objc; path = BulletinBoardViewController.m; sourceTree = "<group>"; };
		8418A580185A5CCB00C8C52B /* BulletinBoardCell.h */ = {isa = PBXFileReference; fileEncoding = 4; lastKnownFileType = sourcecode.c.h; path = BulletinBoardCell.h; sourceTree = "<group>"; };
		8418A581185A5CCB00C8C52B /* BulletinBoardCell.m */ = {isa = PBXFileReference; fileEncoding = 4; lastKnownFileType = sourcecode.c.objc; path = BulletinBoardCell.m; sourceTree = "<group>"; };
		845E63851838DF2000E6D313 /* Campus.app */ = {isa = PBXFileReference; explicitFileType = wrapper.application; includeInIndex = 0; path = Campus.app; sourceTree = BUILT_PRODUCTS_DIR; };
		845E63881838DF2000E6D313 /* Foundation.framework */ = {isa = PBXFileReference; lastKnownFileType = wrapper.framework; name = Foundation.framework; path = System/Library/Frameworks/Foundation.framework; sourceTree = SDKROOT; };
		845E638A1838DF2000E6D313 /* CoreGraphics.framework */ = {isa = PBXFileReference; lastKnownFileType = wrapper.framework; name = CoreGraphics.framework; path = System/Library/Frameworks/CoreGraphics.framework; sourceTree = SDKROOT; };
		845E638C1838DF2000E6D313 /* UIKit.framework */ = {isa = PBXFileReference; lastKnownFileType = wrapper.framework; name = UIKit.framework; path = System/Library/Frameworks/UIKit.framework; sourceTree = SDKROOT; };
		845E63901838DF2000E6D313 /* Campus-Info.plist */ = {isa = PBXFileReference; lastKnownFileType = text.plist.xml; path = "Campus-Info.plist"; sourceTree = "<group>"; };
		845E63921838DF2000E6D313 /* en */ = {isa = PBXFileReference; lastKnownFileType = text.plist.strings; name = en; path = en.lproj/InfoPlist.strings; sourceTree = "<group>"; };
		845E63941838DF2000E6D313 /* main.m */ = {isa = PBXFileReference; lastKnownFileType = sourcecode.c.objc; path = main.m; sourceTree = "<group>"; };
		845E63961838DF2000E6D313 /* Campus-Prefix.pch */ = {isa = PBXFileReference; lastKnownFileType = sourcecode.c.h; path = "Campus-Prefix.pch"; sourceTree = "<group>"; };
		845E63971838DF2000E6D313 /* AppDelegate.h */ = {isa = PBXFileReference; lastKnownFileType = sourcecode.c.h; path = AppDelegate.h; sourceTree = "<group>"; };
		845E63981838DF2000E6D313 /* AppDelegate.m */ = {isa = PBXFileReference; lastKnownFileType = sourcecode.c.objc; path = AppDelegate.m; sourceTree = "<group>"; };
		845E639B1838DF2000E6D313 /* Base */ = {isa = PBXFileReference; lastKnownFileType = file.storyboard; name = Base; path = Base.lproj/Main_iPhone.storyboard; sourceTree = "<group>"; };
		845E639E1838DF2000E6D313 /* Base */ = {isa = PBXFileReference; lastKnownFileType = file.storyboard; name = Base; path = Base.lproj/Main_iPad.storyboard; sourceTree = "<group>"; };
		845E63A31838DF2000E6D313 /* Images.xcassets */ = {isa = PBXFileReference; lastKnownFileType = folder.assetcatalog; path = Images.xcassets; sourceTree = "<group>"; };
		845E63A91838DF2000E6D313 /* CampusTests.xctest */ = {isa = PBXFileReference; explicitFileType = wrapper.cfbundle; includeInIndex = 0; path = CampusTests.xctest; sourceTree = BUILT_PRODUCTS_DIR; };
		845E63AA1838DF2000E6D313 /* XCTest.framework */ = {isa = PBXFileReference; lastKnownFileType = wrapper.framework; name = XCTest.framework; path = Library/Frameworks/XCTest.framework; sourceTree = DEVELOPER_DIR; };
		845E63B21838DF2100E6D313 /* CampusTests-Info.plist */ = {isa = PBXFileReference; lastKnownFileType = text.plist.xml; path = "CampusTests-Info.plist"; sourceTree = "<group>"; };
		845E63B41838DF2100E6D313 /* en */ = {isa = PBXFileReference; lastKnownFileType = text.plist.strings; name = en; path = en.lproj/InfoPlist.strings; sourceTree = "<group>"; };
		845E63B61838DF2100E6D313 /* CampusTests.m */ = {isa = PBXFileReference; lastKnownFileType = sourcecode.c.objc; path = CampusTests.m; sourceTree = "<group>"; };
		845E63C01838E35100E6D313 /* LoginViewController.h */ = {isa = PBXFileReference; fileEncoding = 4; lastKnownFileType = sourcecode.c.h; path = LoginViewController.h; sourceTree = "<group>"; };
		845E63C11838E35100E6D313 /* LoginViewController.m */ = {isa = PBXFileReference; fileEncoding = 4; lastKnownFileType = sourcecode.c.objc; path = LoginViewController.m; sourceTree = "<group>"; };
		8478BE4E1847D6AE000FAD0E /* MainTabBarController.h */ = {isa = PBXFileReference; fileEncoding = 4; lastKnownFileType = sourcecode.c.h; path = MainTabBarController.h; sourceTree = "<group>"; };
		8478BE4F1847D6AE000FAD0E /* MainTabBarController.m */ = {isa = PBXFileReference; fileEncoding = 4; lastKnownFileType = sourcecode.c.objc; path = MainTabBarController.m; sourceTree = "<group>"; };
		84BDEE1318390F86007E8F37 /* SubsystemViewCell.h */ = {isa = PBXFileReference; fileEncoding = 4; lastKnownFileType = sourcecode.c.h; path = SubsystemViewCell.h; sourceTree = "<group>"; };
		84BDEE1418390F86007E8F37 /* SubsystemViewCell.m */ = {isa = PBXFileReference; fileEncoding = 4; lastKnownFileType = sourcecode.c.objc; path = SubsystemViewCell.m; sourceTree = "<group>"; };
		84D00401185DD6F4008C6953 /* MessageCell.h */ = {isa = PBXFileReference; fileEncoding = 4; lastKnownFileType = sourcecode.c.h; path = MessageCell.h; sourceTree = "<group>"; };
		84D00402185DD6F4008C6953 /* MessageCell.m */ = {isa = PBXFileReference; fileEncoding = 4; lastKnownFileType = sourcecode.c.objc; path = MessageCell.m; sourceTree = "<group>"; };
		84D00405185DE1AD008C6953 /* DialogViewController.m */ = {isa = PBXFileReference; fileEncoding = 4; lastKnownFileType = sourcecode.c.objc; path = DialogViewController.m; sourceTree = "<group>"; };
		84D2618A184B6615008AAD3B /* UserData.h */ = {isa = PBXFileReference; fileEncoding = 4; lastKnownFileType = sourcecode.c.h; path = UserData.h; sourceTree = "<group>"; };
		84D2618B184B6615008AAD3B /* UserData.m */ = {isa = PBXFileReference; fileEncoding = 4; lastKnownFileType = sourcecode.c.objc; path = UserData.m; sourceTree = "<group>"; };
		84D2618E184B6708008AAD3B /* Personalities.h */ = {isa = PBXFileReference; fileEncoding = 4; lastKnownFileType = sourcecode.c.h; path = Personalities.h; sourceTree = "<group>"; };
		84D2618F184B6708008AAD3B /* Personalities.m */ = {isa = PBXFileReference; fileEncoding = 4; lastKnownFileType = sourcecode.c.objc; path = Personalities.m; sourceTree = "<group>"; };
		84D26191184B69CD008AAD3B /* Employee.h */ = {isa = PBXFileReference; fileEncoding = 4; lastKnownFileType = sourcecode.c.h; path = Employee.h; sourceTree = "<group>"; };
		84D26192184B69CD008AAD3B /* Employee.m */ = {isa = PBXFileReference; fileEncoding = 4; lastKnownFileType = sourcecode.c.objc; path = Employee.m; sourceTree = "<group>"; };
		84D26195184B88D8008AAD3B /* InfoViewCell.h */ = {isa = PBXFileReference; fileEncoding = 4; lastKnownFileType = sourcecode.c.h; path = InfoViewCell.h; sourceTree = "<group>"; };
		84D26196184B88D8008AAD3B /* InfoViewCell.m */ = {isa = PBXFileReference; fileEncoding = 4; lastKnownFileType = sourcecode.c.objc; path = InfoViewCell.m; sourceTree = "<group>"; };
		84D26198184B8996008AAD3B /* PersonalitiesViewCell.h */ = {isa = PBXFileReference; fileEncoding = 4; lastKnownFileType = sourcecode.c.h; path = PersonalitiesViewCell.h; sourceTree = "<group>"; };
		84D26199184B8996008AAD3B /* PersonalitiesViewCell.m */ = {isa = PBXFileReference; fileEncoding = 4; lastKnownFileType = sourcecode.c.objc; path = PersonalitiesViewCell.m; sourceTree = "<group>"; };
		84D2619B184B8A39008AAD3B /* EmployeeViewCell.h */ = {isa = PBXFileReference; fileEncoding = 4; lastKnownFileType = sourcecode.c.h; path = EmployeeViewCell.h; sourceTree = "<group>"; };
		84D2619C184B8A39008AAD3B /* EmployeeViewCell.m */ = {isa = PBXFileReference; fileEncoding = 4; lastKnownFileType = sourcecode.c.objc; path = EmployeeViewCell.m; sourceTree = "<group>"; };
		84E117B9186367ED002BF063 /* logo.png */ = {isa = PBXFileReference; lastKnownFileType = image.png; path = logo.png; sourceTree = "<group>"; };
		84E117BC18637388002BF063 /* PullRefreshTableViewController.h */ = {isa = PBXFileReference; fileEncoding = 4; lastKnownFileType = sourcecode.c.h; path = PullRefreshTableViewController.h; sourceTree = "<group>"; };
		84E117BD18637388002BF063 /* PullRefreshTableViewController.m */ = {isa = PBXFileReference; fileEncoding = 4; lastKnownFileType = sourcecode.c.objc; path = PullRefreshTableViewController.m; sourceTree = "<group>"; };
		84E117BF1863739A002BF063 /* arrow.png */ = {isa = PBXFileReference; lastKnownFileType = image.png; path = arrow.png; sourceTree = "<group>"; };
		84E117C1186373B6002BF063 /* QuartzCore.framework */ = {isa = PBXFileReference; lastKnownFileType = wrapper.framework; name = QuartzCore.framework; path = System/Library/Frameworks/QuartzCore.framework; sourceTree = SDKROOT; };
		84F8A808185DBE9F00449B28 /* bubbleMine.png */ = {isa = PBXFileReference; lastKnownFileType = image.png; path = bubbleMine.png; sourceTree = "<group>"; };
		84F8A809185DBE9F00449B28 /* bubbleMine@2x.png */ = {isa = PBXFileReference; lastKnownFileType = image.png; path = "bubbleMine@2x.png"; sourceTree = "<group>"; };
		84F8A80A185DBE9F00449B28 /* bubbleSomeone.png */ = {isa = PBXFileReference; lastKnownFileType = image.png; path = bubbleSomeone.png; sourceTree = "<group>"; };
		84F8A80B185DBE9F00449B28 /* bubbleSomeone@2x.png */ = {isa = PBXFileReference; lastKnownFileType = image.png; path = "bubbleSomeone@2x.png"; sourceTree = "<group>"; };
		84F8A80C185DBE9F00449B28 /* missingAvatar.png */ = {isa = PBXFileReference; lastKnownFileType = image.png; path = missingAvatar.png; sourceTree = "<group>"; };
		84F8A80D185DBE9F00449B28 /* missingAvatar@2x.png */ = {isa = PBXFileReference; lastKnownFileType = image.png; path = "missingAvatar@2x.png"; sourceTree = "<group>"; };
		84F8A80E185DBE9F00449B28 /* typingMine.png */ = {isa = PBXFileReference; lastKnownFileType = image.png; path = typingMine.png; sourceTree = "<group>"; };
		84F8A80F185DBE9F00449B28 /* typingMine@2x.png */ = {isa = PBXFileReference; lastKnownFileType = image.png; path = "typingMine@2x.png"; sourceTree = "<group>"; };
		84F8A810185DBE9F00449B28 /* typingSomeone.png */ = {isa = PBXFileReference; lastKnownFileType = image.png; path = typingSomeone.png; sourceTree = "<group>"; };
		84F8A811185DBE9F00449B28 /* typingSomeone@2x.png */ = {isa = PBXFileReference; lastKnownFileType = image.png; path = "typingSomeone@2x.png"; sourceTree = "<group>"; };
		84F8A813185DBE9F00449B28 /* NSBubbleData.h */ = {isa = PBXFileReference; fileEncoding = 4; lastKnownFileType = sourcecode.c.h; path = NSBubbleData.h; sourceTree = "<group>"; };
		84F8A814185DBE9F00449B28 /* NSBubbleData.m */ = {isa = PBXFileReference; fileEncoding = 4; lastKnownFileType = sourcecode.c.objc; path = NSBubbleData.m; sourceTree = "<group>"; };
		84F8A815185DBE9F00449B28 /* UIBubbleHeaderTableViewCell.h */ = {isa = PBXFileReference; fileEncoding = 4; lastKnownFileType = sourcecode.c.h; path = UIBubbleHeaderTableViewCell.h; sourceTree = "<group>"; };
		84F8A816185DBE9F00449B28 /* UIBubbleHeaderTableViewCell.m */ = {isa = PBXFileReference; fileEncoding = 4; lastKnownFileType = sourcecode.c.objc; path = UIBubbleHeaderTableViewCell.m; sourceTree = "<group>"; };
		84F8A817185DBE9F00449B28 /* UIBubbleTableView.h */ = {isa = PBXFileReference; fileEncoding = 4; lastKnownFileType = sourcecode.c.h; path = UIBubbleTableView.h; sourceTree = "<group>"; };
		84F8A818185DBE9F00449B28 /* UIBubbleTableView.m */ = {isa = PBXFileReference; fileEncoding = 4; lastKnownFileType = sourcecode.c.objc; path = UIBubbleTableView.m; sourceTree = "<group>"; };
		84F8A819185DBE9F00449B28 /* UIBubbleTableViewCell.h */ = {isa = PBXFileReference; fileEncoding = 4; lastKnownFileType = sourcecode.c.h; path = UIBubbleTableViewCell.h; sourceTree = "<group>"; };
		84F8A81A185DBE9F00449B28 /* UIBubbleTableViewCell.m */ = {isa = PBXFileReference; fileEncoding = 4; lastKnownFileType = sourcecode.c.objc; path = UIBubbleTableViewCell.m; sourceTree = "<group>"; };
		84F8A81B185DBE9F00449B28 /* UIBubbleTableViewDataSource.h */ = {isa = PBXFileReference; fileEncoding = 4; lastKnownFileType = sourcecode.c.h; path = UIBubbleTableViewDataSource.h; sourceTree = "<group>"; };
		84F8A81C185DBE9F00449B28 /* UIBubbleTypingTableViewCell.h */ = {isa = PBXFileReference; fileEncoding = 4; lastKnownFileType = sourcecode.c.h; path = UIBubbleTypingTableViewCell.h; sourceTree = "<group>"; };
		84F8A81D185DBE9F00449B28 /* UIBubbleTypingTableViewCell.m */ = {isa = PBXFileReference; fileEncoding = 4; lastKnownFileType = sourcecode.c.objc; path = UIBubbleTypingTableViewCell.m; sourceTree = "<group>"; };
		84F8A830185DC1DC00449B28 /* MessageBoardViewController.h */ = {isa = PBXFileReference; fileEncoding = 4; lastKnownFileType = sourcecode.c.h; path = MessageBoardViewController.h; sourceTree = "<group>"; };
		84F8A831185DC1DC00449B28 /* MessageBoardViewController.m */ = {isa = PBXFileReference; fileEncoding = 4; lastKnownFileType = sourcecode.c.objc; path = MessageBoardViewController.m; sourceTree = "<group>"; };
		84F8A833185DC93200449B28 /* UserConversation.h */ = {isa = PBXFileReference; fileEncoding = 4; lastKnownFileType = sourcecode.c.h; path = UserConversation.h; sourceTree = "<group>"; };
		84F8A834185DC93200449B28 /* UserConversation.m */ = {isa = PBXFileReference; fileEncoding = 4; lastKnownFileType = sourcecode.c.objc; path = UserConversation.m; sourceTree = "<group>"; };
		84FBAC861860D76B008279C9 /* do.png */ = {isa = PBXFileReference; lastKnownFileType = image.png; path = do.png; sourceTree = "<group>"; };
		84FBAC871860D76B008279C9 /* messages.png */ = {isa = PBXFileReference; lastKnownFileType = image.png; path = messages.png; sourceTree = "<group>"; };
		84FBAC881860D76B008279C9 /* profile.png */ = {isa = PBXFileReference; lastKnownFileType = image.png; path = profile.png; sourceTree = "<group>"; };
		84FBAC8C1860D93E008279C9 /* Message.h */ = {isa = PBXFileReference; fileEncoding = 4; lastKnownFileType = sourcecode.c.h; path = Message.h; sourceTree = "<group>"; };
		84FBAC8D1860D93E008279C9 /* Message.m */ = {isa = PBXFileReference; fileEncoding = 4; lastKnownFileType = sourcecode.c.objc; path = Message.m; sourceTree = "<group>"; };
		84FBAC8F1860E0D6008279C9 /* DialogViewController.h */ = {isa = PBXFileReference; fileEncoding = 4; lastKnownFileType = sourcecode.c.h; path = DialogViewController.h; sourceTree = "<group>"; };
/* End PBXFileReference section */

/* Begin PBXFrameworksBuildPhase section */
		845E63821838DF2000E6D313 /* Frameworks */ = {
			isa = PBXFrameworksBuildPhase;
			buildActionMask = 2147483647;
			files = (
				84E117C2186373B6002BF063 /* QuartzCore.framework in Frameworks */,
				845E638B1838DF2000E6D313 /* CoreGraphics.framework in Frameworks */,
				845E638D1838DF2000E6D313 /* UIKit.framework in Frameworks */,
				845E63891838DF2000E6D313 /* Foundation.framework in Frameworks */,
			);
			runOnlyForDeploymentPostprocessing = 0;
		};
		845E63A61838DF2000E6D313 /* Frameworks */ = {
			isa = PBXFrameworksBuildPhase;
			buildActionMask = 2147483647;
			files = (
				845E63AB1838DF2000E6D313 /* XCTest.framework in Frameworks */,
				845E63AD1838DF2000E6D313 /* UIKit.framework in Frameworks */,
				845E63AC1838DF2000E6D313 /* Foundation.framework in Frameworks */,
			);
			runOnlyForDeploymentPostprocessing = 0;
		};
/* End PBXFrameworksBuildPhase section */

/* Begin PBXGroup section */
		8418A583185A5CD100C8C52B /* Personality */ = {
			isa = PBXGroup;
			children = (
				8410D1EA1839360800E3D895 /* SubsystemViewController.h */,
				8410D1EB1839360800E3D895 /* SubsystemViewController.m */,
				84D26194184B88B8008AAD3B /* Cells */,
			);
			name = Personality;
			sourceTree = "<group>";
		};
		8418A584185A5D1C00C8C52B /* BulletinBoard */ = {
			isa = PBXGroup;
			children = (
				8418A57D185A5C6C00C8C52B /* BulletinBoardViewController.h */,
				8418A57E185A5C6C00C8C52B /* BulletinBoardViewController.m */,
				8418A580185A5CCB00C8C52B /* BulletinBoardCell.h */,
				8418A581185A5CCB00C8C52B /* BulletinBoardCell.m */,
			);
			name = BulletinBoard;
			sourceTree = "<group>";
		};
		845E637C1838DF2000E6D313 = {
			isa = PBXGroup;
			children = (
				845E638E1838DF2000E6D313 /* Campus */,
				845E63B01838DF2100E6D313 /* CampusTests */,
				845E63871838DF2000E6D313 /* Frameworks */,
				845E63861838DF2000E6D313 /* Products */,
			);
			sourceTree = "<group>";
		};
		845E63861838DF2000E6D313 /* Products */ = {
			isa = PBXGroup;
			children = (
				845E63851838DF2000E6D313 /* Campus.app */,
				845E63A91838DF2000E6D313 /* CampusTests.xctest */,
			);
			name = Products;
			sourceTree = "<group>";
		};
		845E63871838DF2000E6D313 /* Frameworks */ = {
			isa = PBXGroup;
			children = (
				84E117C1186373B6002BF063 /* QuartzCore.framework */,
				845E63881838DF2000E6D313 /* Foundation.framework */,
				845E638A1838DF2000E6D313 /* CoreGraphics.framework */,
				845E638C1838DF2000E6D313 /* UIKit.framework */,
				845E63AA1838DF2000E6D313 /* XCTest.framework */,
			);
			name = Frameworks;
			sourceTree = "<group>";
		};
		845E638E1838DF2000E6D313 /* Campus */ = {
			isa = PBXGroup;
			children = (
				84E117BB18637348002BF063 /* PullPushRefresh */,
				84FBAC851860D69D008279C9 /* Images */,
				84F8A82F185DC16300449B28 /* LoginView */,
				84F8A82E185DC15100449B28 /* Messages */,
				84F8A82D185DBEAD00449B28 /* BubbleView */,
				8418A583185A5CD100C8C52B /* Personality */,
				8418A584185A5D1C00C8C52B /* BulletinBoard */,
				84D2618D184B66A0008AAD3B /* CampusAPI */,
				845E63971838DF2000E6D313 /* AppDelegate.h */,
				845E63981838DF2000E6D313 /* AppDelegate.m */,
				845E639A1838DF2000E6D313 /* Main_iPhone.storyboard */,
				845E639D1838DF2000E6D313 /* Main_iPad.storyboard */,
				845E63A31838DF2000E6D313 /* Images.xcassets */,
				845E638F1838DF2000E6D313 /* Supporting Files */,
				8478BE4E1847D6AE000FAD0E /* MainTabBarController.h */,
				8478BE4F1847D6AE000FAD0E /* MainTabBarController.m */,
			);
			path = Campus;
			sourceTree = "<group>";
		};
		845E638F1838DF2000E6D313 /* Supporting Files */ = {
			isa = PBXGroup;
			children = (
				845E63901838DF2000E6D313 /* Campus-Info.plist */,
				845E63911838DF2000E6D313 /* InfoPlist.strings */,
				845E63941838DF2000E6D313 /* main.m */,
				845E63961838DF2000E6D313 /* Campus-Prefix.pch */,
			);
			name = "Supporting Files";
			sourceTree = "<group>";
		};
		845E63B01838DF2100E6D313 /* CampusTests */ = {
			isa = PBXGroup;
			children = (
				845E63B61838DF2100E6D313 /* CampusTests.m */,
				845E63B11838DF2100E6D313 /* Supporting Files */,
			);
			path = CampusTests;
			sourceTree = "<group>";
		};
		845E63B11838DF2100E6D313 /* Supporting Files */ = {
			isa = PBXGroup;
			children = (
				845E63B21838DF2100E6D313 /* CampusTests-Info.plist */,
				845E63B31838DF2100E6D313 /* InfoPlist.strings */,
			);
			name = "Supporting Files";
			sourceTree = "<group>";
		};
		84D2618D184B66A0008AAD3B /* CampusAPI */ = {
			isa = PBXGroup;
			children = (
				8401E73E1838F8B200D06721 /* CampusAPI.h */,
				8401E73F1838F8B200D06721 /* CampusAPI.m */,
				8401E7411838FD1500D06721 /* Profile.h */,
				8401E7421838FD1500D06721 /* Profile.m */,
				84D2618A184B6615008AAD3B /* UserData.h */,
				84D2618B184B6615008AAD3B /* UserData.m */,
				84D2618E184B6708008AAD3B /* Personalities.h */,
				84D2618F184B6708008AAD3B /* Personalities.m */,
				84D26191184B69CD008AAD3B /* Employee.h */,
				84D26192184B69CD008AAD3B /* Employee.m */,
				84F8A833185DC93200449B28 /* UserConversation.h */,
				84F8A834185DC93200449B28 /* UserConversation.m */,
				84FBAC8C1860D93E008279C9 /* Message.h */,
				84FBAC8D1860D93E008279C9 /* Message.m */,
			);
			name = CampusAPI;
			sourceTree = "<group>";
		};
		84D26194184B88B8008AAD3B /* Cells */ = {
			isa = PBXGroup;
			children = (
				84BDEE1318390F86007E8F37 /* SubsystemViewCell.h */,
				84BDEE1418390F86007E8F37 /* SubsystemViewCell.m */,
				84D26195184B88D8008AAD3B /* InfoViewCell.h */,
				84D26196184B88D8008AAD3B /* InfoViewCell.m */,
				84D26198184B8996008AAD3B /* PersonalitiesViewCell.h */,
				84D26199184B8996008AAD3B /* PersonalitiesViewCell.m */,
				84D2619B184B8A39008AAD3B /* EmployeeViewCell.h */,
				84D2619C184B8A39008AAD3B /* EmployeeViewCell.m */,
			);
			name = Cells;
			sourceTree = "<group>";
		};
		84E117BB18637348002BF063 /* PullPushRefresh */ = {
			isa = PBXGroup;
			children = (
				84E117BC18637388002BF063 /* PullRefreshTableViewController.h */,
				84E117BD18637388002BF063 /* PullRefreshTableViewController.m */,
			);
			name = PullPushRefresh;
			sourceTree = "<group>";
		};
		84F8A807185DBE9F00449B28 /* images */ = {
			isa = PBXGroup;
			children = (
				84F8A808185DBE9F00449B28 /* bubbleMine.png */,
				84F8A809185DBE9F00449B28 /* bubbleMine@2x.png */,
				84F8A80A185DBE9F00449B28 /* bubbleSomeone.png */,
				84F8A80B185DBE9F00449B28 /* bubbleSomeone@2x.png */,
				84F8A80C185DBE9F00449B28 /* missingAvatar.png */,
				84F8A80D185DBE9F00449B28 /* missingAvatar@2x.png */,
				84F8A80E185DBE9F00449B28 /* typingMine.png */,
				84F8A80F185DBE9F00449B28 /* typingMine@2x.png */,
				84F8A810185DBE9F00449B28 /* typingSomeone.png */,
				84F8A811185DBE9F00449B28 /* typingSomeone@2x.png */,
			);
			path = images;
			sourceTree = "<group>";
		};
		84F8A812185DBE9F00449B28 /* src */ = {
			isa = PBXGroup;
			children = (
				84F8A813185DBE9F00449B28 /* NSBubbleData.h */,
				84F8A814185DBE9F00449B28 /* NSBubbleData.m */,
				84F8A815185DBE9F00449B28 /* UIBubbleHeaderTableViewCell.h */,
				84F8A816185DBE9F00449B28 /* UIBubbleHeaderTableViewCell.m */,
				84F8A817185DBE9F00449B28 /* UIBubbleTableView.h */,
				84F8A818185DBE9F00449B28 /* UIBubbleTableView.m */,
				84F8A819185DBE9F00449B28 /* UIBubbleTableViewCell.h */,
				84F8A81A185DBE9F00449B28 /* UIBubbleTableViewCell.m */,
				84F8A81B185DBE9F00449B28 /* UIBubbleTableViewDataSource.h */,
				84F8A81C185DBE9F00449B28 /* UIBubbleTypingTableViewCell.h */,
				84F8A81D185DBE9F00449B28 /* UIBubbleTypingTableViewCell.m */,
			);
			path = src;
			sourceTree = "<group>";
		};
		84F8A82D185DBEAD00449B28 /* BubbleView */ = {
			isa = PBXGroup;
			children = (
				84F8A807185DBE9F00449B28 /* images */,
				84F8A812185DBE9F00449B28 /* src */,
			);
			name = BubbleView;
			sourceTree = "<group>";
		};
		84F8A82E185DC15100449B28 /* Messages */ = {
			isa = PBXGroup;
			children = (
				84FBAC8F1860E0D6008279C9 /* DialogViewController.h */,
				84D00405185DE1AD008C6953 /* DialogViewController.m */,
				84F8A830185DC1DC00449B28 /* MessageBoardViewController.h */,
				84F8A831185DC1DC00449B28 /* MessageBoardViewController.m */,
				84D00401185DD6F4008C6953 /* MessageCell.h */,
				84D00402185DD6F4008C6953 /* MessageCell.m */,
			);
			name = Messages;
			sourceTree = "<group>";
		};
		84F8A82F185DC16300449B28 /* LoginView */ = {
			isa = PBXGroup;
			children = (
				845E63C01838E35100E6D313 /* LoginViewController.h */,
				845E63C11838E35100E6D313 /* LoginViewController.m */,
			);
			name = LoginView;
			sourceTree = "<group>";
		};
		84FBAC851860D69D008279C9 /* Images */ = {
			isa = PBXGroup;
			children = (
				84E117BF1863739A002BF063 /* arrow.png */,
				84E117B9186367ED002BF063 /* logo.png */,
				84FBAC861860D76B008279C9 /* do.png */,
				84FBAC871860D76B008279C9 /* messages.png */,
				84FBAC881860D76B008279C9 /* profile.png */,
			);
			name = Images;
			sourceTree = "<group>";
		};
/* End PBXGroup section */

/* Begin PBXNativeTarget section */
		845E63841838DF2000E6D313 /* Campus */ = {
			isa = PBXNativeTarget;
			buildConfigurationList = 845E63BA1838DF2100E6D313 /* Build configuration list for PBXNativeTarget "Campus" */;
			buildPhases = (
				845E63811838DF2000E6D313 /* Sources */,
				845E63821838DF2000E6D313 /* Frameworks */,
				845E63831838DF2000E6D313 /* Resources */,
			);
			buildRules = (
			);
			dependencies = (
			);
			name = Campus;
			productName = Campus;
			productReference = 845E63851838DF2000E6D313 /* Campus.app */;
			productType = "com.apple.product-type.application";
		};
		845E63A81838DF2000E6D313 /* CampusTests */ = {
			isa = PBXNativeTarget;
			buildConfigurationList = 845E63BD1838DF2100E6D313 /* Build configuration list for PBXNativeTarget "CampusTests" */;
			buildPhases = (
				845E63A51838DF2000E6D313 /* Sources */,
				845E63A61838DF2000E6D313 /* Frameworks */,
				845E63A71838DF2000E6D313 /* Resources */,
			);
			buildRules = (
			);
			dependencies = (
				845E63AF1838DF2100E6D313 /* PBXTargetDependency */,
			);
			name = CampusTests;
			productName = CampusTests;
			productReference = 845E63A91838DF2000E6D313 /* CampusTests.xctest */;
			productType = "com.apple.product-type.bundle.unit-test";
		};
/* End PBXNativeTarget section */

/* Begin PBXProject section */
		845E637D1838DF2000E6D313 /* Project object */ = {
			isa = PBXProject;
			attributes = {
				LastUpgradeCheck = 0500;
				ORGANIZATIONNAME = "КБ ИС";
				TargetAttributes = {
					845E63A81838DF2000E6D313 = {
						TestTargetID = 845E63841838DF2000E6D313;
					};
				};
			};
			buildConfigurationList = 845E63801838DF2000E6D313 /* Build configuration list for PBXProject "Campus" */;
			compatibilityVersion = "Xcode 3.2";
			developmentRegion = English;
			hasScannedForEncodings = 0;
			knownRegions = (
				en,
				Base,
			);
			mainGroup = 845E637C1838DF2000E6D313;
			productRefGroup = 845E63861838DF2000E6D313 /* Products */;
			projectDirPath = "";
			projectRoot = "";
			targets = (
				845E63841838DF2000E6D313 /* Campus */,
				845E63A81838DF2000E6D313 /* CampusTests */,
			);
		};
/* End PBXProject section */

/* Begin PBXResourcesBuildPhase section */
		845E63831838DF2000E6D313 /* Resources */ = {
			isa = PBXResourcesBuildPhase;
			buildActionMask = 2147483647;
			files = (
				84F8A827185DBE9F00449B28 /* typingSomeone@2x.png in Resources */,
				845E639F1838DF2000E6D313 /* Main_iPad.storyboard in Resources */,
				84E117BA186367ED002BF063 /* logo.png in Resources */,
				84F8A826185DBE9F00449B28 /* typingSomeone.png in Resources */,
				84F8A81F185DBE9F00449B28 /* bubbleMine@2x.png in Resources */,
				84F8A81E185DBE9F00449B28 /* bubbleMine.png in Resources */,
				84FBAC891860D76B008279C9 /* do.png in Resources */,
				84F8A821185DBE9F00449B28 /* bubbleSomeone@2x.png in Resources */,
				84FBAC8A1860D76B008279C9 /* messages.png in Resources */,
				845E639C1838DF2000E6D313 /* Main_iPhone.storyboard in Resources */,
				84F8A824185DBE9F00449B28 /* typingMine.png in Resources */,
				84FBAC8B1860D76B008279C9 /* profile.png in Resources */,
				84F8A825185DBE9F00449B28 /* typingMine@2x.png in Resources */,
				845E63A41838DF2000E6D313 /* Images.xcassets in Resources */,
				84F8A822185DBE9F00449B28 /* missingAvatar.png in Resources */,
				845E63931838DF2000E6D313 /* InfoPlist.strings in Resources */,
				84E117C01863739A002BF063 /* arrow.png in Resources */,
				84F8A823185DBE9F00449B28 /* missingAvatar@2x.png in Resources */,
				84F8A820185DBE9F00449B28 /* bubbleSomeone.png in Resources */,
			);
			runOnlyForDeploymentPostprocessing = 0;
		};
		845E63A71838DF2000E6D313 /* Resources */ = {
			isa = PBXResourcesBuildPhase;
			buildActionMask = 2147483647;
			files = (
				845E63B51838DF2100E6D313 /* InfoPlist.strings in Resources */,
			);
			runOnlyForDeploymentPostprocessing = 0;
		};
/* End PBXResourcesBuildPhase section */

/* Begin PBXSourcesBuildPhase section */
		845E63811838DF2000E6D313 /* Sources */ = {
			isa = PBXSourcesBuildPhase;
			buildActionMask = 2147483647;
			files = (
				84F8A835185DC93200449B28 /* UserConversation.m in Sources */,
				84D26197184B88D8008AAD3B /* InfoViewCell.m in Sources */,
				84F8A832185DC1DC00449B28 /* MessageBoardViewController.m in Sources */,
				8418A57F185A5C6C00C8C52B /* BulletinBoardViewController.m in Sources */,
				845E63991838DF2000E6D313 /* AppDelegate.m in Sources */,
				8410D1EC1839360800E3D895 /* SubsystemViewController.m in Sources */,
				8401E7431838FD1500D06721 /* Profile.m in Sources */,
				8418A582185A5CCB00C8C52B /* BulletinBoardCell.m in Sources */,
				84F8A82A185DBE9F00449B28 /* UIBubbleTableView.m in Sources */,
				84F8A82C185DBE9F00449B28 /* UIBubbleTypingTableViewCell.m in Sources */,
				84F8A829185DBE9F00449B28 /* UIBubbleHeaderTableViewCell.m in Sources */,
				84FBAC8E1860D93E008279C9 /* Message.m in Sources */,
				8401E7401838F8B200D06721 /* CampusAPI.m in Sources */,
				84E117BE18637388002BF063 /* PullRefreshTableViewController.m in Sources */,
				84D26190184B6708008AAD3B /* Personalities.m in Sources */,
				84D2619D184B8A39008AAD3B /* EmployeeViewCell.m in Sources */,
				84D2619A184B8996008AAD3B /* PersonalitiesViewCell.m in Sources */,
				84D2618C184B6615008AAD3B /* UserData.m in Sources */,
				845E63951838DF2000E6D313 /* main.m in Sources */,
				84BDEE1518390F86007E8F37 /* SubsystemViewCell.m in Sources */,
				84F8A82B185DBE9F00449B28 /* UIBubbleTableViewCell.m in Sources */,
				84D26193184B69CD008AAD3B /* Employee.m in Sources */,
				8478BE501847D6AE000FAD0E /* MainTabBarController.m in Sources */,
				84D00403185DD6F4008C6953 /* MessageCell.m in Sources */,
				845E63C21838E35100E6D313 /* LoginViewController.m in Sources */,
				84F8A828185DBE9F00449B28 /* NSBubbleData.m in Sources */,
				84D00406185DE1AD008C6953 /* DialogViewController.m in Sources */,
			);
			runOnlyForDeploymentPostprocessing = 0;
		};
		845E63A51838DF2000E6D313 /* Sources */ = {
			isa = PBXSourcesBuildPhase;
			buildActionMask = 2147483647;
			files = (
				845E63B71838DF2100E6D313 /* CampusTests.m in Sources */,
			);
			runOnlyForDeploymentPostprocessing = 0;
		};
/* End PBXSourcesBuildPhase section */

/* Begin PBXTargetDependency section */
		845E63AF1838DF2100E6D313 /* PBXTargetDependency */ = {
			isa = PBXTargetDependency;
			target = 845E63841838DF2000E6D313 /* Campus */;
			targetProxy = 845E63AE1838DF2100E6D313 /* PBXContainerItemProxy */;
		};
/* End PBXTargetDependency section */

/* Begin PBXVariantGroup section */
		845E63911838DF2000E6D313 /* InfoPlist.strings */ = {
			isa = PBXVariantGroup;
			children = (
				845E63921838DF2000E6D313 /* en */,
			);
			name = InfoPlist.strings;
			sourceTree = "<group>";
		};
		845E639A1838DF2000E6D313 /* Main_iPhone.storyboard */ = {
			isa = PBXVariantGroup;
			children = (
				845E639B1838DF2000E6D313 /* Base */,
				8401E73D1838F45A00D06721 /* en */,
			);
			name = Main_iPhone.storyboard;
			sourceTree = "<group>";
		};
		845E639D1838DF2000E6D313 /* Main_iPad.storyboard */ = {
			isa = PBXVariantGroup;
			children = (
				845E639E1838DF2000E6D313 /* Base */,
			);
			name = Main_iPad.storyboard;
			sourceTree = "<group>";
		};
		845E63B31838DF2100E6D313 /* InfoPlist.strings */ = {
			isa = PBXVariantGroup;
			children = (
				845E63B41838DF2100E6D313 /* en */,
			);
			name = InfoPlist.strings;
			sourceTree = "<group>";
		};
/* End PBXVariantGroup section */

/* Begin XCBuildConfiguration section */
		845E63B81838DF2100E6D313 /* Debug */ = {
			isa = XCBuildConfiguration;
			buildSettings = {
				ALWAYS_SEARCH_USER_PATHS = NO;
				ARCHS = "$(ARCHS_STANDARD_INCLUDING_64_BIT)";
				CLANG_CXX_LANGUAGE_STANDARD = "gnu++0x";
				CLANG_CXX_LIBRARY = "libc++";
				CLANG_ENABLE_MODULES = YES;
				CLANG_ENABLE_OBJC_ARC = YES;
				CLANG_WARN_BOOL_CONVERSION = YES;
				CLANG_WARN_CONSTANT_CONVERSION = YES;
				CLANG_WARN_DIRECT_OBJC_ISA_USAGE = YES_ERROR;
				CLANG_WARN_EMPTY_BODY = YES;
				CLANG_WARN_ENUM_CONVERSION = YES;
				CLANG_WARN_INT_CONVERSION = YES;
				CLANG_WARN_OBJC_ROOT_CLASS = YES_ERROR;
				CLANG_WARN__DUPLICATE_METHOD_MATCH = YES;
				"CODE_SIGN_IDENTITY[sdk=iphoneos*]" = "iPhone Developer";
				COPY_PHASE_STRIP = NO;
				GCC_C_LANGUAGE_STANDARD = gnu99;
				GCC_DYNAMIC_NO_PIC = NO;
				GCC_OPTIMIZATION_LEVEL = 0;
				GCC_PREPROCESSOR_DEFINITIONS = (
					"DEBUG=1",
					"$(inherited)",
				);
				GCC_SYMBOLS_PRIVATE_EXTERN = NO;
				GCC_WARN_64_TO_32_BIT_CONVERSION = YES;
				GCC_WARN_ABOUT_RETURN_TYPE = YES_ERROR;
				GCC_WARN_UNDECLARED_SELECTOR = YES;
				GCC_WARN_UNINITIALIZED_AUTOS = YES;
				GCC_WARN_UNUSED_FUNCTION = YES;
				GCC_WARN_UNUSED_VARIABLE = YES;
				IPHONEOS_DEPLOYMENT_TARGET = 7.0;
				ONLY_ACTIVE_ARCH = YES;
				SDKROOT = iphoneos;
				TARGETED_DEVICE_FAMILY = "1,2";
			};
			name = Debug;
		};
		845E63B91838DF2100E6D313 /* Release */ = {
			isa = XCBuildConfiguration;
			buildSettings = {
				ALWAYS_SEARCH_USER_PATHS = NO;
				ARCHS = "$(ARCHS_STANDARD_INCLUDING_64_BIT)";
				CLANG_CXX_LANGUAGE_STANDARD = "gnu++0x";
				CLANG_CXX_LIBRARY = "libc++";
				CLANG_ENABLE_MODULES = YES;
				CLANG_ENABLE_OBJC_ARC = YES;
				CLANG_WARN_BOOL_CONVERSION = YES;
				CLANG_WARN_CONSTANT_CONVERSION = YES;
				CLANG_WARN_DIRECT_OBJC_ISA_USAGE = YES_ERROR;
				CLANG_WARN_EMPTY_BODY = YES;
				CLANG_WARN_ENUM_CONVERSION = YES;
				CLANG_WARN_INT_CONVERSION = YES;
				CLANG_WARN_OBJC_ROOT_CLASS = YES_ERROR;
				CLANG_WARN__DUPLICATE_METHOD_MATCH = YES;
				"CODE_SIGN_IDENTITY[sdk=iphoneos*]" = "iPhone Developer";
				COPY_PHASE_STRIP = YES;
				ENABLE_NS_ASSERTIONS = NO;
				GCC_C_LANGUAGE_STANDARD = gnu99;
				GCC_WARN_64_TO_32_BIT_CONVERSION = YES;
				GCC_WARN_ABOUT_RETURN_TYPE = YES_ERROR;
				GCC_WARN_UNDECLARED_SELECTOR = YES;
				GCC_WARN_UNINITIALIZED_AUTOS = YES;
				GCC_WARN_UNUSED_FUNCTION = YES;
				GCC_WARN_UNUSED_VARIABLE = YES;
				IPHONEOS_DEPLOYMENT_TARGET = 7.0;
				SDKROOT = iphoneos;
				TARGETED_DEVICE_FAMILY = "1,2";
				VALIDATE_PRODUCT = YES;
			};
			name = Release;
		};
		845E63BB1838DF2100E6D313 /* Debug */ = {
			isa = XCBuildConfiguration;
			buildSettings = {
				ASSETCATALOG_COMPILER_APPICON_NAME = AppIcon;
				ASSETCATALOG_COMPILER_LAUNCHIMAGE_NAME = LaunchImage;
				GCC_PRECOMPILE_PREFIX_HEADER = YES;
				GCC_PREFIX_HEADER = "Campus/Campus-Prefix.pch";
				INFOPLIST_FILE = "Campus/Campus-Info.plist";
				IPHONEOS_DEPLOYMENT_TARGET = 5.0;
				PRODUCT_NAME = "$(TARGET_NAME)";
				WRAPPER_EXTENSION = app;
			};
			name = Debug;
		};
		845E63BC1838DF2100E6D313 /* Release */ = {
			isa = XCBuildConfiguration;
			buildSettings = {
				ASSETCATALOG_COMPILER_APPICON_NAME = AppIcon;
				ASSETCATALOG_COMPILER_LAUNCHIMAGE_NAME = LaunchImage;
				GCC_PRECOMPILE_PREFIX_HEADER = YES;
				GCC_PREFIX_HEADER = "Campus/Campus-Prefix.pch";
				INFOPLIST_FILE = "Campus/Campus-Info.plist";
				IPHONEOS_DEPLOYMENT_TARGET = 5.0;
				PRODUCT_NAME = "$(TARGET_NAME)";
				WRAPPER_EXTENSION = app;
			};
			name = Release;
		};
		845E63BE1838DF2100E6D313 /* Debug */ = {
			isa = XCBuildConfiguration;
			buildSettings = {
				ARCHS = "$(ARCHS_STANDARD_INCLUDING_64_BIT)";
				BUNDLE_LOADER = "$(BUILT_PRODUCTS_DIR)/Campus.app/Campus";
				FRAMEWORK_SEARCH_PATHS = (
					"$(SDKROOT)/Developer/Library/Frameworks",
					"$(inherited)",
					"$(DEVELOPER_FRAMEWORKS_DIR)",
				);
				GCC_PRECOMPILE_PREFIX_HEADER = YES;
				GCC_PREFIX_HEADER = "Campus/Campus-Prefix.pch";
				GCC_PREPROCESSOR_DEFINITIONS = (
					"DEBUG=1",
					"$(inherited)",
				);
				INFOPLIST_FILE = "CampusTests/CampusTests-Info.plist";
				PRODUCT_NAME = "$(TARGET_NAME)";
				TEST_HOST = "$(BUNDLE_LOADER)";
				WRAPPER_EXTENSION = xctest;
			};
			name = Debug;
		};
		845E63BF1838DF2100E6D313 /* Release */ = {
			isa = XCBuildConfiguration;
			buildSettings = {
				ARCHS = "$(ARCHS_STANDARD_INCLUDING_64_BIT)";
				BUNDLE_LOADER = "$(BUILT_PRODUCTS_DIR)/Campus.app/Campus";
				FRAMEWORK_SEARCH_PATHS = (
					"$(SDKROOT)/Developer/Library/Frameworks",
					"$(inherited)",
					"$(DEVELOPER_FRAMEWORKS_DIR)",
				);
				GCC_PRECOMPILE_PREFIX_HEADER = YES;
				GCC_PREFIX_HEADER = "Campus/Campus-Prefix.pch";
				INFOPLIST_FILE = "CampusTests/CampusTests-Info.plist";
				PRODUCT_NAME = "$(TARGET_NAME)";
				TEST_HOST = "$(BUNDLE_LOADER)";
				WRAPPER_EXTENSION = xctest;
			};
			name = Release;
		};
/* End XCBuildConfiguration section */

/* Begin XCConfigurationList section */
		845E63801838DF2000E6D313 /* Build configuration list for PBXProject "Campus" */ = {
			isa = XCConfigurationList;
			buildConfigurations = (
				845E63B81838DF2100E6D313 /* Debug */,
				845E63B91838DF2100E6D313 /* Release */,
			);
			defaultConfigurationIsVisible = 0;
			defaultConfigurationName = Release;
		};
		845E63BA1838DF2100E6D313 /* Build configuration list for PBXNativeTarget "Campus" */ = {
			isa = XCConfigurationList;
			buildConfigurations = (
				845E63BB1838DF2100E6D313 /* Debug */,
				845E63BC1838DF2100E6D313 /* Release */,
			);
			defaultConfigurationIsVisible = 0;
			defaultConfigurationName = Release;
		};
		845E63BD1838DF2100E6D313 /* Build configuration list for PBXNativeTarget "CampusTests" */ = {
			isa = XCConfigurationList;
			buildConfigurations = (
				845E63BE1838DF2100E6D313 /* Debug */,
				845E63BF1838DF2100E6D313 /* Release */,
			);
			defaultConfigurationIsVisible = 0;
			defaultConfigurationName = Release;
		};
/* End XCConfigurationList section */
	};
	rootObject = 845E637D1838DF2000E6D313 /* Project object */;
}
